
Microsoft Visual Studio Solution File, Format Version 12.00
# Visual Studio Version 17
VisualStudioVersion = 17.5.33516.290
MinimumVisualStudioVersion = 10.0.40219.1
Project("{2150E333-8FDC-42A3-9474-1A3956D46DE8}") = "Front", "Front", "{C0ABB2AE-D3C4-4041-8361-FAD84BAAC181}"
EndProject
Project("{2150E333-8FDC-42A3-9474-1A3956D46DE8}") = "Services", "Services", "{F5D3BB4A-6342-4C9F-A97B-7040CFAC0BC0}"
EndProject
Project("{9A19103F-16F7-4668-BE54-9A1E7A4F7556}") = "LeoShopping.Web", "LeoShopping.Web\LeoShopping.Web.csproj", "{333F821A-3242-45CC-B201-2F4C3AC16C50}"
EndProject
Project("{9A19103F-16F7-4668-BE54-9A1E7A4F7556}") = "LeoShopping.ProductAPI", "LeoShopping.ProductAPI\LeoShopping.ProductAPI.csproj", "{B328134A-A153-4E57-8C0B-F586AA9DB4F4}"
EndProject
Project("{FAE04EC0-301F-11D3-BF4B-00C04F79EFBC}") = "LeoShopping.IdentityServer", "LeoShopping.IdentityServer\LeoShopping.IdentityServer.csproj", "{620CE397-B967-4BD0-AAE2-9CF02001939C}"
EndProject
Global
	GlobalSection(SolutionConfigurationPlatforms) = preSolution
		Debug|Any CPU = Debug|Any CPU
		Release|Any CPU = Release|Any CPU
	EndGlobalSection
	GlobalSection(ProjectConfigurationPlatforms) = postSolution
		{333F821A-3242-45CC-B201-2F4C3AC16C50}.Debug|Any CPU.ActiveCfg = Debug|Any CPU
		{333F821A-3242-45CC-B201-2F4C3AC16C50}.Debug|Any CPU.Build.0 = Debug|Any CPU
		{333F821A-3242-45CC-B201-2F4C3AC16C50}.Release|Any CPU.ActiveCfg = Release|Any CPU
		{333F821A-3242-45CC-B201-2F4C3AC16C50}.Release|Any CPU.Build.0 = Release|Any CPU
		{B328134A-A153-4E57-8C0B-F586AA9DB4F4}.Debug|Any CPU.ActiveCfg = Debug|Any CPU
		{B328134A-A153-4E57-8C0B-F586AA9DB4F4}.Debug|Any CPU.Build.0 = Debug|Any CPU
		{B328134A-A153-4E57-8C0B-F586AA9DB4F4}.Release|Any CPU.ActiveCfg = Release|Any CPU
		{B328134A-A153-4E57-8C0B-F586AA9DB4F4}.Release|Any CPU.Build.0 = Release|Any CPU
		{620CE397-B967-4BD0-AAE2-9CF02001939C}.Debug|Any CPU.ActiveCfg = Debug|Any CPU
		{620CE397-B967-4BD0-AAE2-9CF02001939C}.Debug|Any CPU.Build.0 = Debug|Any CPU
		{620CE397-B967-4BD0-AAE2-9CF02001939C}.Release|Any CPU.ActiveCfg = Release|Any CPU
		{620CE397-B967-4BD0-AAE2-9CF02001939C}.Release|Any CPU.Build.0 = Release|Any CPU
	EndGlobalSection
	GlobalSection(SolutionProperties) = preSolution
		HideSolutionNode = FALSE
	EndGlobalSection
	GlobalSection(NestedProjects) = preSolution
		{333F821A-3242-45CC-B201-2F4C3AC16C50} = {C0ABB2AE-D3C4-4041-8361-FAD84BAAC181}
		{B328134A-A153-4E57-8C0B-F586AA9DB4F4} = {F5D3BB4A-6342-4C9F-A97B-7040CFAC0BC0}
		{620CE397-B967-4BD0-AAE2-9CF02001939C} = {F5D3BB4A-6342-4C9F-A97B-7040CFAC0BC0}
	EndGlobalSection
	GlobalSection(ExtensibilityGlobals) = postSolution
		SolutionGuid = {9E0C9882-797F-4910-BC54-8BE80C620DA6}
	EndGlobalSection
EndGlobal
