
Microsoft Visual Studio Solution File, Format Version 12.00
# Visual Studio Version 17
VisualStudioVersion = 17.5.33516.290
MinimumVisualStudioVersion = 10.0.40219.1
Project("{2150E333-8FDC-42A3-9474-1A3956D46DE8}") = "Front", "Front", "{C0ABB2AE-D3C4-4041-8361-FAD84BAAC181}"
EndProject
Project("{2150E333-8FDC-42A3-9474-1A3956D46DE8}") = "Services", "Services", "{F5D3BB4A-6342-4C9F-A97B-7040CFAC0BC0}"
EndProject
Project("{9A19103F-16F7-4668-BE54-9A1E7A4F7556}") = "LeoShopping.Web", "LeoShopping.Web\LeoShopping.Web.csproj", "{333F821A-3242-45CC-B201-2F4C3AC16C50}"
EndProject
Project("{9A19103F-16F7-4668-BE54-9A1E7A4F7556}") = "LeoShopping.ProductAPI", "LeoShopping.ProductAPI\LeoShopping.ProductAPI.csproj", "{B328134A-A153-4E57-8C0B-F586AA9DB4F4}"
EndProject
Project("{9A19103F-16F7-4668-BE54-9A1E7A4F7556}") = "LeoShopping.IdentityServer", "LeoShopping.IdentityServer\LeoShopping.IdentityServer.csproj", "{620CE397-B967-4BD0-AAE2-9CF02001939C}"
EndProject
Project("{9A19103F-16F7-4668-BE54-9A1E7A4F7556}") = "LeoShopping.CartAPI", "LeoShopping.CardAPI\LeoShopping.CartAPI.csproj", "{D99754AA-87AB-4F6D-851F-C055AA234699}"
EndProject
Project("{9A19103F-16F7-4668-BE54-9A1E7A4F7556}") = "LeoShopping.CouponAPI", "LeoShopping.CouponAPI\LeoShopping.CouponAPI.csproj", "{2047476D-A750-497B-87AC-AF918CAB4087}"
EndProject
Project("{2150E333-8FDC-42A3-9474-1A3956D46DE8}") = "Integration", "Integration", "{A42C016B-CDD2-4F00-B8AE-F6B7A585D614}"
EndProject
Project("{9A19103F-16F7-4668-BE54-9A1E7A4F7556}") = "LeoShopping.MessageBus", "LeoShopping.MessageBus\LeoShopping.MessageBus.csproj", "{700F7AC1-8554-4E86-8D32-F93294621FFE}"
EndProject
Project("{9A19103F-16F7-4668-BE54-9A1E7A4F7556}") = "LeoShopping.OrderAPI", "LeoShopping.OrderAPI\LeoShopping.OrderAPI.csproj", "{697189FB-419E-41EA-98A8-8DE65C2831EE}"
EndProject
Project("{2150E333-8FDC-42A3-9474-1A3956D46DE8}") = "Payments", "Payments", "{2B8BC400-FC8D-4F31-A086-ED5FCF4A0B9A}"
EndProject
Project("{9A19103F-16F7-4668-BE54-9A1E7A4F7556}") = "LeoShopping.PaymentProcessor", "LeoShopping.PaymentProcessor\LeoShopping.PaymentProcessor.csproj", "{269BF3A2-B3BB-48F7-BC58-9FF8EB59FEE1}"
EndProject
Project("{9A19103F-16F7-4668-BE54-9A1E7A4F7556}") = "LeoShopping.PaymentAPI", "LeoShopping.PaymentAPI\LeoShopping.PaymentAPI.csproj", "{379DFC44-FC01-4089-8723-168911A25FB5}"
EndProject
Project("{FAE04EC0-301F-11D3-BF4B-00C04F79EFBC}") = "LeoShopping.Email", "LeoShopping.Email\LeoShopping.Email.csproj", "{A4C5A7F2-6D1E-4136-A661-781EA3A17A93}"
EndProject
Project("{2150E333-8FDC-42A3-9474-1A3956D46DE8}") = "Gateway", "Gateway", "{C86A157C-01DA-4AC7-839A-B05D28B1FF49}"
EndProject
Project("{FAE04EC0-301F-11D3-BF4B-00C04F79EFBC}") = "LeoShopping.APIGateway", "LeoShopping.APIGateway\LeoShopping.APIGateway.csproj", "{958F1FE3-4137-42EE-8C4D-9AF59E7D3B16}"
EndProject
Global
	GlobalSection(SolutionConfigurationPlatforms) = preSolution
		Debug|Any CPU = Debug|Any CPU
		Release|Any CPU = Release|Any CPU
	EndGlobalSection
	GlobalSection(ProjectConfigurationPlatforms) = postSolution
		{333F821A-3242-45CC-B201-2F4C3AC16C50}.Debug|Any CPU.ActiveCfg = Debug|Any CPU
		{333F821A-3242-45CC-B201-2F4C3AC16C50}.Debug|Any CPU.Build.0 = Debug|Any CPU
		{333F821A-3242-45CC-B201-2F4C3AC16C50}.Release|Any CPU.ActiveCfg = Release|Any CPU
		{333F821A-3242-45CC-B201-2F4C3AC16C50}.Release|Any CPU.Build.0 = Release|Any CPU
		{B328134A-A153-4E57-8C0B-F586AA9DB4F4}.Debug|Any CPU.ActiveCfg = Debug|Any CPU
		{B328134A-A153-4E57-8C0B-F586AA9DB4F4}.Debug|Any CPU.Build.0 = Debug|Any CPU
		{B328134A-A153-4E57-8C0B-F586AA9DB4F4}.Release|Any CPU.ActiveCfg = Release|Any CPU
		{B328134A-A153-4E57-8C0B-F586AA9DB4F4}.Release|Any CPU.Build.0 = Release|Any CPU
		{620CE397-B967-4BD0-AAE2-9CF02001939C}.Debug|Any CPU.ActiveCfg = Debug|Any CPU
		{620CE397-B967-4BD0-AAE2-9CF02001939C}.Debug|Any CPU.Build.0 = Debug|Any CPU
		{620CE397-B967-4BD0-AAE2-9CF02001939C}.Release|Any CPU.ActiveCfg = Release|Any CPU
		{620CE397-B967-4BD0-AAE2-9CF02001939C}.Release|Any CPU.Build.0 = Release|Any CPU
		{D99754AA-87AB-4F6D-851F-C055AA234699}.Debug|Any CPU.ActiveCfg = Debug|Any CPU
		{D99754AA-87AB-4F6D-851F-C055AA234699}.Debug|Any CPU.Build.0 = Debug|Any CPU
		{D99754AA-87AB-4F6D-851F-C055AA234699}.Release|Any CPU.ActiveCfg = Release|Any CPU
		{D99754AA-87AB-4F6D-851F-C055AA234699}.Release|Any CPU.Build.0 = Release|Any CPU
		{2047476D-A750-497B-87AC-AF918CAB4087}.Debug|Any CPU.ActiveCfg = Debug|Any CPU
		{2047476D-A750-497B-87AC-AF918CAB4087}.Debug|Any CPU.Build.0 = Debug|Any CPU
		{2047476D-A750-497B-87AC-AF918CAB4087}.Release|Any CPU.ActiveCfg = Release|Any CPU
		{2047476D-A750-497B-87AC-AF918CAB4087}.Release|Any CPU.Build.0 = Release|Any CPU
		{700F7AC1-8554-4E86-8D32-F93294621FFE}.Debug|Any CPU.ActiveCfg = Debug|Any CPU
		{700F7AC1-8554-4E86-8D32-F93294621FFE}.Debug|Any CPU.Build.0 = Debug|Any CPU
		{700F7AC1-8554-4E86-8D32-F93294621FFE}.Release|Any CPU.ActiveCfg = Release|Any CPU
		{700F7AC1-8554-4E86-8D32-F93294621FFE}.Release|Any CPU.Build.0 = Release|Any CPU
		{697189FB-419E-41EA-98A8-8DE65C2831EE}.Debug|Any CPU.ActiveCfg = Debug|Any CPU
		{697189FB-419E-41EA-98A8-8DE65C2831EE}.Debug|Any CPU.Build.0 = Debug|Any CPU
		{697189FB-419E-41EA-98A8-8DE65C2831EE}.Release|Any CPU.ActiveCfg = Release|Any CPU
		{697189FB-419E-41EA-98A8-8DE65C2831EE}.Release|Any CPU.Build.0 = Release|Any CPU
		{269BF3A2-B3BB-48F7-BC58-9FF8EB59FEE1}.Debug|Any CPU.ActiveCfg = Debug|Any CPU
		{269BF3A2-B3BB-48F7-BC58-9FF8EB59FEE1}.Debug|Any CPU.Build.0 = Debug|Any CPU
		{269BF3A2-B3BB-48F7-BC58-9FF8EB59FEE1}.Release|Any CPU.ActiveCfg = Release|Any CPU
		{269BF3A2-B3BB-48F7-BC58-9FF8EB59FEE1}.Release|Any CPU.Build.0 = Release|Any CPU
		{379DFC44-FC01-4089-8723-168911A25FB5}.Debug|Any CPU.ActiveCfg = Debug|Any CPU
		{379DFC44-FC01-4089-8723-168911A25FB5}.Debug|Any CPU.Build.0 = Debug|Any CPU
		{379DFC44-FC01-4089-8723-168911A25FB5}.Release|Any CPU.ActiveCfg = Release|Any CPU
		{379DFC44-FC01-4089-8723-168911A25FB5}.Release|Any CPU.Build.0 = Release|Any CPU
		{A4C5A7F2-6D1E-4136-A661-781EA3A17A93}.Debug|Any CPU.ActiveCfg = Debug|Any CPU
		{A4C5A7F2-6D1E-4136-A661-781EA3A17A93}.Debug|Any CPU.Build.0 = Debug|Any CPU
		{A4C5A7F2-6D1E-4136-A661-781EA3A17A93}.Release|Any CPU.ActiveCfg = Release|Any CPU
		{A4C5A7F2-6D1E-4136-A661-781EA3A17A93}.Release|Any CPU.Build.0 = Release|Any CPU
		{958F1FE3-4137-42EE-8C4D-9AF59E7D3B16}.Debug|Any CPU.ActiveCfg = Debug|Any CPU
		{958F1FE3-4137-42EE-8C4D-9AF59E7D3B16}.Debug|Any CPU.Build.0 = Debug|Any CPU
		{958F1FE3-4137-42EE-8C4D-9AF59E7D3B16}.Release|Any CPU.ActiveCfg = Release|Any CPU
		{958F1FE3-4137-42EE-8C4D-9AF59E7D3B16}.Release|Any CPU.Build.0 = Release|Any CPU
	EndGlobalSection
	GlobalSection(SolutionProperties) = preSolution
		HideSolutionNode = FALSE
	EndGlobalSection
	GlobalSection(NestedProjects) = preSolution
		{333F821A-3242-45CC-B201-2F4C3AC16C50} = {C0ABB2AE-D3C4-4041-8361-FAD84BAAC181}
		{B328134A-A153-4E57-8C0B-F586AA9DB4F4} = {F5D3BB4A-6342-4C9F-A97B-7040CFAC0BC0}
		{620CE397-B967-4BD0-AAE2-9CF02001939C} = {F5D3BB4A-6342-4C9F-A97B-7040CFAC0BC0}
		{D99754AA-87AB-4F6D-851F-C055AA234699} = {F5D3BB4A-6342-4C9F-A97B-7040CFAC0BC0}
		{2047476D-A750-497B-87AC-AF918CAB4087} = {F5D3BB4A-6342-4C9F-A97B-7040CFAC0BC0}
		{700F7AC1-8554-4E86-8D32-F93294621FFE} = {A42C016B-CDD2-4F00-B8AE-F6B7A585D614}
		{697189FB-419E-41EA-98A8-8DE65C2831EE} = {F5D3BB4A-6342-4C9F-A97B-7040CFAC0BC0}
		{269BF3A2-B3BB-48F7-BC58-9FF8EB59FEE1} = {2B8BC400-FC8D-4F31-A086-ED5FCF4A0B9A}
		{379DFC44-FC01-4089-8723-168911A25FB5} = {F5D3BB4A-6342-4C9F-A97B-7040CFAC0BC0}
		{A4C5A7F2-6D1E-4136-A661-781EA3A17A93} = {F5D3BB4A-6342-4C9F-A97B-7040CFAC0BC0}
		{958F1FE3-4137-42EE-8C4D-9AF59E7D3B16} = {C86A157C-01DA-4AC7-839A-B05D28B1FF49}
	EndGlobalSection
	GlobalSection(ExtensibilityGlobals) = postSolution
		SolutionGuid = {9E0C9882-797F-4910-BC54-8BE80C620DA6}
	EndGlobalSection
EndGlobal
